// !$*UTF8*$!
{
	archiveVersion = 1;
	classes = {
	};
	objectVersion = 55;
	objects = {

/* Begin PBXBuildFile section */
		165BC01A29B0FA300038AE7A /* gitignore in Resources */ = {isa = PBXBuildFile; fileRef = 165BC01929B0FA300038AE7A /* gitignore */; };
		1675236529AF8D510052D404 /* TestTrackerView.swift in Sources */ = {isa = PBXBuildFile; fileRef = 1675236429AF8D510052D404 /* TestTrackerView.swift */; };
		1692CB5329C48EB80005CC8F /* TrackerManager.swift in Sources */ = {isa = PBXBuildFile; fileRef = 1692CB5229C48EB80005CC8F /* TrackerManager.swift */; };
		1692CB5529C88AC40005CC8F /* TestRunDisplay.swift in Sources */ = {isa = PBXBuildFile; fileRef = 1692CB5429C88AC40005CC8F /* TestRunDisplay.swift */; };
		4EE88F0829B8DB85006A412F /* v1.mp3 in Resources */ = {isa = PBXBuildFile; fileRef = 4EE88F0729B8DB85006A412F /* v1.mp3 */; };
		4EE88F2A29D1DD52006A412F /* m14.mp3 in Resources */ = {isa = PBXBuildFile; fileRef = 4EE88F1F29D1DD50006A412F /* m14.mp3 */; };
		4EE88F2B29D1DD52006A412F /* m15.mp3 in Resources */ = {isa = PBXBuildFile; fileRef = 4EE88F2029D1DD50006A412F /* m15.mp3 */; };
		4EE88F2C29D1DD52006A412F /* m11.mp3 in Resources */ = {isa = PBXBuildFile; fileRef = 4EE88F2129D1DD50006A412F /* m11.mp3 */; };
		4EE88F2D29D1DD52006A412F /* m8.mp3 in Resources */ = {isa = PBXBuildFile; fileRef = 4EE88F2229D1DD50006A412F /* m8.mp3 */; };
		4EE88F2E29D1DD52006A412F /* m16.mp3 in Resources */ = {isa = PBXBuildFile; fileRef = 4EE88F2329D1DD50006A412F /* m16.mp3 */; };
		4EE88F2F29D1DD52006A412F /* m6.mp3 in Resources */ = {isa = PBXBuildFile; fileRef = 4EE88F2429D1DD51006A412F /* m6.mp3 */; };
		4EE88F3029D1DD52006A412F /* m9.mp3 in Resources */ = {isa = PBXBuildFile; fileRef = 4EE88F2529D1DD51006A412F /* m9.mp3 */; };
		4EE88F3129D1DD52006A412F /* m7.mp3 in Resources */ = {isa = PBXBuildFile; fileRef = 4EE88F2629D1DD51006A412F /* m7.mp3 */; };
		4EE88F3229D1DD52006A412F /* m10.mp3 in Resources */ = {isa = PBXBuildFile; fileRef = 4EE88F2729D1DD51006A412F /* m10.mp3 */; };
		4EE88F3329D1DD52006A412F /* m12.mp3 in Resources */ = {isa = PBXBuildFile; fileRef = 4EE88F2829D1DD51006A412F /* m12.mp3 */; };
		4EE88F3429D1DD52006A412F /* m13.mp3 in Resources */ = {isa = PBXBuildFile; fileRef = 4EE88F2929D1DD51006A412F /* m13.mp3 */; };
		6CAE3E21D1E151C0B89D8330 /* Pods_ClassicalConditioning.framework in Frameworks */ = {isa = PBXBuildFile; fileRef = AFAE4AAB853E569837BB9812 /* Pods_ClassicalConditioning.framework */; };
		CB04428829D1E1BF00A250E3 /* m5.mp3 in Resources */ = {isa = PBXBuildFile; fileRef = CB04428329D1E1BF00A250E3 /* m5.mp3 */; };
		CB04428929D1E1BF00A250E3 /* m1.mp3 in Resources */ = {isa = PBXBuildFile; fileRef = CB04428429D1E1BF00A250E3 /* m1.mp3 */; };
		CB04428A29D1E1BF00A250E3 /* m2.mp3 in Resources */ = {isa = PBXBuildFile; fileRef = CB04428529D1E1BF00A250E3 /* m2.mp3 */; };
		CB04428B29D1E1BF00A250E3 /* m3.mp3 in Resources */ = {isa = PBXBuildFile; fileRef = CB04428629D1E1BF00A250E3 /* m3.mp3 */; };
		CB04428C29D1E1BF00A250E3 /* m4.mp3 in Resources */ = {isa = PBXBuildFile; fileRef = CB04428729D1E1BF00A250E3 /* m4.mp3 */; };
		CB3C195429B8E17E002185AE /* LocationManager.swift in Sources */ = {isa = PBXBuildFile; fileRef = CB3C195329B8E17E002185AE /* LocationManager.swift */; };
		CB70F13D29C0A7E200EE7034 /* LocationRequestView.swift in Sources */ = {isa = PBXBuildFile; fileRef = CB70F13C29C0A7E200EE7034 /* LocationRequestView.swift */; };
		CB7165C329AE2FEA00D1A6DE /* TrackView.swift in Sources */ = {isa = PBXBuildFile; fileRef = CB7165C229AE2FEA00D1A6DE /* TrackView.swift */; };
		CB7165C529AE361600D1A6DE /* Tracker.swift in Sources */ = {isa = PBXBuildFile; fileRef = CB7165C429AE361600D1A6DE /* Tracker.swift */; };
		CB7165C729AE362F00D1A6DE /* VoiceSynth.swift in Sources */ = {isa = PBXBuildFile; fileRef = CB7165C629AE362F00D1A6DE /* VoiceSynth.swift */; };
		CB7BC8C629C48B7F006C57DD /* ReadRoute.swift in Sources */ = {isa = PBXBuildFile; fileRef = CB7BC8C529C48B7F006C57DD /* ReadRoute.swift */; };
		CB7BC8C929C89233006C57DD /* HealthKit.framework in Frameworks */ = {isa = PBXBuildFile; fileRef = CB7BC8C829C89233006C57DD /* HealthKit.framework */; };
		CB85441E29AF949D00CB75F8 /* Constants.swift in Sources */ = {isa = PBXBuildFile; fileRef = CB85441D29AF949D00CB75F8 /* Constants.swift */; };
		CB85442029AF96DA00CB75F8 /* Faces.swift in Sources */ = {isa = PBXBuildFile; fileRef = CB85441F29AF96DA00CB75F8 /* Faces.swift */; };
		CB85442229B0F28500CB75F8 /* MapView.swift in Sources */ = {isa = PBXBuildFile; fileRef = CB85442129B0F28500CB75F8 /* MapView.swift */; };
		CB85442429B0F2A300CB75F8 /* InformationView.swift in Sources */ = {isa = PBXBuildFile; fileRef = CB85442329B0F2A300CB75F8 /* InformationView.swift */; };
		CB85442629B0F96600CB75F8 /* HomeView.swift in Sources */ = {isa = PBXBuildFile; fileRef = CB85442529B0F96600CB75F8 /* HomeView.swift */; };
		CBD6CE5829A79DEE0093DFF6 /* ClassicalConditioningApp.swift in Sources */ = {isa = PBXBuildFile; fileRef = CBD6CE5729A79DEE0093DFF6 /* ClassicalConditioningApp.swift */; };
		CBD6CE5A29A79DEE0093DFF6 /* ContentView.swift in Sources */ = {isa = PBXBuildFile; fileRef = CBD6CE5929A79DEE0093DFF6 /* ContentView.swift */; };
		CBD6CE5C29A79DF00093DFF6 /* Assets.xcassets in Resources */ = {isa = PBXBuildFile; fileRef = CBD6CE5B29A79DF00093DFF6 /* Assets.xcassets */; };
		CBD6CE5F29A79DF00093DFF6 /* Preview Assets.xcassets in Resources */ = {isa = PBXBuildFile; fileRef = CBD6CE5E29A79DF00093DFF6 /* Preview Assets.xcassets */; };
		CBF7011929CC910F00827DFD /* MapTest.swift in Sources */ = {isa = PBXBuildFile; fileRef = CBF7011829CC910F00827DFD /* MapTest.swift */; };
/* End PBXBuildFile section */

/* Begin PBXFileReference section */
		165BC01929B0FA300038AE7A /* gitignore */ = {isa = PBXFileReference; fileEncoding = 4; lastKnownFileType = text; path = gitignore; sourceTree = "<group>"; };
		1675236429AF8D510052D404 /* TestTrackerView.swift */ = {isa = PBXFileReference; lastKnownFileType = sourcecode.swift; path = TestTrackerView.swift; sourceTree = "<group>"; };
		1692CB5229C48EB80005CC8F /* TrackerManager.swift */ = {isa = PBXFileReference; lastKnownFileType = sourcecode.swift; path = TrackerManager.swift; sourceTree = "<group>"; };
		1692CB5429C88AC40005CC8F /* TestRunDisplay.swift */ = {isa = PBXFileReference; lastKnownFileType = sourcecode.swift; path = TestRunDisplay.swift; sourceTree = "<group>"; };
		4EE88F0729B8DB85006A412F /* v1.mp3 */ = {isa = PBXFileReference; lastKnownFileType = audio.mp3; path = v1.mp3; sourceTree = "<group>"; };
		4EE88F1F29D1DD50006A412F /* m14.mp3 */ = {isa = PBXFileReference; lastKnownFileType = audio.mp3; path = m14.mp3; sourceTree = "<group>"; };
		4EE88F2029D1DD50006A412F /* m15.mp3 */ = {isa = PBXFileReference; lastKnownFileType = audio.mp3; path = m15.mp3; sourceTree = "<group>"; };
		4EE88F2129D1DD50006A412F /* m11.mp3 */ = {isa = PBXFileReference; lastKnownFileType = audio.mp3; path = m11.mp3; sourceTree = "<group>"; };
		4EE88F2229D1DD50006A412F /* m8.mp3 */ = {isa = PBXFileReference; lastKnownFileType = audio.mp3; path = m8.mp3; sourceTree = "<group>"; };
		4EE88F2329D1DD50006A412F /* m16.mp3 */ = {isa = PBXFileReference; lastKnownFileType = audio.mp3; path = m16.mp3; sourceTree = "<group>"; };
		4EE88F2429D1DD51006A412F /* m6.mp3 */ = {isa = PBXFileReference; lastKnownFileType = audio.mp3; path = m6.mp3; sourceTree = "<group>"; };
		4EE88F2529D1DD51006A412F /* m9.mp3 */ = {isa = PBXFileReference; lastKnownFileType = audio.mp3; path = m9.mp3; sourceTree = "<group>"; };
		4EE88F2629D1DD51006A412F /* m7.mp3 */ = {isa = PBXFileReference; lastKnownFileType = audio.mp3; path = m7.mp3; sourceTree = "<group>"; };
		4EE88F2729D1DD51006A412F /* m10.mp3 */ = {isa = PBXFileReference; lastKnownFileType = audio.mp3; path = m10.mp3; sourceTree = "<group>"; };
		4EE88F2829D1DD51006A412F /* m12.mp3 */ = {isa = PBXFileReference; lastKnownFileType = audio.mp3; path = m12.mp3; sourceTree = "<group>"; };
		4EE88F2929D1DD51006A412F /* m13.mp3 */ = {isa = PBXFileReference; lastKnownFileType = audio.mp3; path = m13.mp3; sourceTree = "<group>"; };
		AFAE4AAB853E569837BB9812 /* Pods_ClassicalConditioning.framework */ = {isa = PBXFileReference; explicitFileType = wrapper.framework; includeInIndex = 0; path = Pods_ClassicalConditioning.framework; sourceTree = BUILT_PRODUCTS_DIR; };
		BA177245193472E4700B4633 /* Pods-ClassicalConditioning.release.xcconfig */ = {isa = PBXFileReference; includeInIndex = 1; lastKnownFileType = text.xcconfig; name = "Pods-ClassicalConditioning.release.xcconfig"; path = "Target Support Files/Pods-ClassicalConditioning/Pods-ClassicalConditioning.release.xcconfig"; sourceTree = "<group>"; };
		CB04428329D1E1BF00A250E3 /* m5.mp3 */ = {isa = PBXFileReference; lastKnownFileType = audio.mp3; path = m5.mp3; sourceTree = "<group>"; };
		CB04428429D1E1BF00A250E3 /* m1.mp3 */ = {isa = PBXFileReference; lastKnownFileType = audio.mp3; path = m1.mp3; sourceTree = "<group>"; };
		CB04428529D1E1BF00A250E3 /* m2.mp3 */ = {isa = PBXFileReference; lastKnownFileType = audio.mp3; path = m2.mp3; sourceTree = "<group>"; };
		CB04428629D1E1BF00A250E3 /* m3.mp3 */ = {isa = PBXFileReference; lastKnownFileType = audio.mp3; path = m3.mp3; sourceTree = "<group>"; };
		CB04428729D1E1BF00A250E3 /* m4.mp3 */ = {isa = PBXFileReference; lastKnownFileType = audio.mp3; path = m4.mp3; sourceTree = "<group>"; };
		CB3C195329B8E17E002185AE /* LocationManager.swift */ = {isa = PBXFileReference; lastKnownFileType = sourcecode.swift; path = LocationManager.swift; sourceTree = "<group>"; };
		CB70F13C29C0A7E200EE7034 /* LocationRequestView.swift */ = {isa = PBXFileReference; lastKnownFileType = sourcecode.swift; path = LocationRequestView.swift; sourceTree = "<group>"; };
		CB7165C229AE2FEA00D1A6DE /* TrackView.swift */ = {isa = PBXFileReference; lastKnownFileType = sourcecode.swift; path = TrackView.swift; sourceTree = "<group>"; };
		CB7165C429AE361600D1A6DE /* Tracker.swift */ = {isa = PBXFileReference; lastKnownFileType = sourcecode.swift; path = Tracker.swift; sourceTree = "<group>"; };
		CB7165C629AE362F00D1A6DE /* VoiceSynth.swift */ = {isa = PBXFileReference; lastKnownFileType = sourcecode.swift; path = VoiceSynth.swift; sourceTree = "<group>"; };
		CB7BC8C529C48B7F006C57DD /* ReadRoute.swift */ = {isa = PBXFileReference; lastKnownFileType = sourcecode.swift; path = ReadRoute.swift; sourceTree = "<group>"; };
		CB7BC8C729C89233006C57DD /* ClassicalConditioning.entitlements */ = {isa = PBXFileReference; lastKnownFileType = text.plist.entitlements; path = ClassicalConditioning.entitlements; sourceTree = "<group>"; };
		CB7BC8C829C89233006C57DD /* HealthKit.framework */ = {isa = PBXFileReference; lastKnownFileType = wrapper.framework; name = HealthKit.framework; path = System/Library/Frameworks/HealthKit.framework; sourceTree = SDKROOT; };
		CB7BC8CC29C9E898006C57DD /* Info.plist */ = {isa = PBXFileReference; lastKnownFileType = text.plist; path = Info.plist; sourceTree = "<group>"; };
		CB85441D29AF949D00CB75F8 /* Constants.swift */ = {isa = PBXFileReference; lastKnownFileType = sourcecode.swift; path = Constants.swift; sourceTree = "<group>"; };
		CB85441F29AF96DA00CB75F8 /* Faces.swift */ = {isa = PBXFileReference; lastKnownFileType = sourcecode.swift; path = Faces.swift; sourceTree = "<group>"; };
		CB85442129B0F28500CB75F8 /* MapView.swift */ = {isa = PBXFileReference; lastKnownFileType = sourcecode.swift; path = MapView.swift; sourceTree = "<group>"; };
		CB85442329B0F2A300CB75F8 /* InformationView.swift */ = {isa = PBXFileReference; lastKnownFileType = sourcecode.swift; path = InformationView.swift; sourceTree = "<group>"; };
		CB85442529B0F96600CB75F8 /* HomeView.swift */ = {isa = PBXFileReference; lastKnownFileType = sourcecode.swift; path = HomeView.swift; sourceTree = "<group>"; };
		CBD6CE5429A79DEE0093DFF6 /* ClassicalConditioning.app */ = {isa = PBXFileReference; explicitFileType = wrapper.application; includeInIndex = 0; path = ClassicalConditioning.app; sourceTree = BUILT_PRODUCTS_DIR; };
		CBD6CE5729A79DEE0093DFF6 /* ClassicalConditioningApp.swift */ = {isa = PBXFileReference; lastKnownFileType = sourcecode.swift; path = ClassicalConditioningApp.swift; sourceTree = "<group>"; };
		CBD6CE5929A79DEE0093DFF6 /* ContentView.swift */ = {isa = PBXFileReference; lastKnownFileType = sourcecode.swift; path = ContentView.swift; sourceTree = "<group>"; };
		CBD6CE5B29A79DF00093DFF6 /* Assets.xcassets */ = {isa = PBXFileReference; lastKnownFileType = folder.assetcatalog; path = Assets.xcassets; sourceTree = "<group>"; };
		CBD6CE5E29A79DF00093DFF6 /* Preview Assets.xcassets */ = {isa = PBXFileReference; lastKnownFileType = folder.assetcatalog; path = "Preview Assets.xcassets"; sourceTree = "<group>"; };
		CBF7011829CC910F00827DFD /* MapTest.swift */ = {isa = PBXFileReference; lastKnownFileType = sourcecode.swift; path = MapTest.swift; sourceTree = "<group>"; };
		E9B0AE2069ED77896E4C8D80 /* Pods-ClassicalConditioning.debug.xcconfig */ = {isa = PBXFileReference; includeInIndex = 1; lastKnownFileType = text.xcconfig; name = "Pods-ClassicalConditioning.debug.xcconfig"; path = "Target Support Files/Pods-ClassicalConditioning/Pods-ClassicalConditioning.debug.xcconfig"; sourceTree = "<group>"; };
/* End PBXFileReference section */

/* Begin PBXFrameworksBuildPhase section */
		CBD6CE5129A79DEE0093DFF6 /* Frameworks */ = {
			isa = PBXFrameworksBuildPhase;
			buildActionMask = 2147483647;
			files = (
				6CAE3E21D1E151C0B89D8330 /* Pods_ClassicalConditioning.framework in Frameworks */,
				CB7BC8C929C89233006C57DD /* HealthKit.framework in Frameworks */,
			);
			runOnlyForDeploymentPostprocessing = 0;
		};
/* End PBXFrameworksBuildPhase section */

/* Begin PBXGroup section */
		210DCC3AACFA459FDBC34262 /* Frameworks */ = {
			isa = PBXGroup;
			children = (
				CB7BC8C829C89233006C57DD /* HealthKit.framework */,
				AFAE4AAB853E569837BB9812 /* Pods_ClassicalConditioning.framework */,
			);
			name = Frameworks;
			sourceTree = "<group>";
		};
		4EE88F0629B8DB73006A412F /* Sounds */ = {
			isa = PBXGroup;
			children = (
				4EE88F0A29CC799E006A412F /* Happy */,
				4EE88F0929CC7993006A412F /* Mad */,
				4EE88F0729B8DB85006A412F /* v1.mp3 */,
			);
			path = Sounds;
			sourceTree = "<group>";
		};
		4EE88F0929CC7993006A412F /* Mad */ = {
			isa = PBXGroup;
			children = (
				CB04428429D1E1BF00A250E3 /* m1.mp3 */,
				CB04428529D1E1BF00A250E3 /* m2.mp3 */,
				CB04428629D1E1BF00A250E3 /* m3.mp3 */,
				CB04428729D1E1BF00A250E3 /* m4.mp3 */,
				CB04428329D1E1BF00A250E3 /* m5.mp3 */,
				4EE88F2429D1DD51006A412F /* m6.mp3 */,
				4EE88F2629D1DD51006A412F /* m7.mp3 */,
				4EE88F2229D1DD50006A412F /* m8.mp3 */,
				4EE88F2529D1DD51006A412F /* m9.mp3 */,
				4EE88F2729D1DD51006A412F /* m10.mp3 */,
				4EE88F2129D1DD50006A412F /* m11.mp3 */,
				4EE88F2829D1DD51006A412F /* m12.mp3 */,
				4EE88F2929D1DD51006A412F /* m13.mp3 */,
				4EE88F1F29D1DD50006A412F /* m14.mp3 */,
				4EE88F2029D1DD50006A412F /* m15.mp3 */,
				4EE88F2329D1DD50006A412F /* m16.mp3 */,
			);
			path = Mad;
			sourceTree = "<group>";
		};
		4EE88F0A29CC799E006A412F /* Happy */ = {
			isa = PBXGroup;
			children = (
			);
			path = Happy;
			sourceTree = "<group>";
		};
		CB7165BF29AE2F8900D1A6DE /* Voice */ = {
			isa = PBXGroup;
			children = (
				4EE88F0629B8DB73006A412F /* Sounds */,
				CB7165C629AE362F00D1A6DE /* VoiceSynth.swift */,
			);
			path = Voice;
			sourceTree = "<group>";
		};
		CB7165C029AE2F9200D1A6DE /* Track */ = {
			isa = PBXGroup;
			children = (
				CB7165C429AE361600D1A6DE /* Tracker.swift */,
				1675236429AF8D510052D404 /* TestTrackerView.swift */,
				1692CB5229C48EB80005CC8F /* TrackerManager.swift */,
				1692CB5429C88AC40005CC8F /* TestRunDisplay.swift */,
			);
			path = Track;
			sourceTree = "<group>";
		};
		CB7165C129AE2FCB00D1A6DE /* Views */ = {
			isa = PBXGroup;
			children = (
				CB7165C229AE2FEA00D1A6DE /* TrackView.swift */,
				CB85441F29AF96DA00CB75F8 /* Faces.swift */,
				CB85442129B0F28500CB75F8 /* MapView.swift */,
				CB85442329B0F2A300CB75F8 /* InformationView.swift */,
				CB85442529B0F96600CB75F8 /* HomeView.swift */,
				CB70F13C29C0A7E200EE7034 /* LocationRequestView.swift */,
			);
			path = Views;
			sourceTree = "<group>";
		};
		CB85441C29AF948D00CB75F8 /* Models */ = {
			isa = PBXGroup;
			children = (
				CBF7011B29CCE25600827DFD /* MappingandLocation */,
				CB85441D29AF949D00CB75F8 /* Constants.swift */,
				CB3C195329B8E17E002185AE /* LocationManager.swift */,
			);
			path = Models;
			sourceTree = "<group>";
		};
		CBD6CE4B29A79DEE0093DFF6 = {
			isa = PBXGroup;
			children = (
				165BC01929B0FA300038AE7A /* gitignore */,
				CBD6CE5629A79DEE0093DFF6 /* ClassicalConditioning */,
				CBD6CE5529A79DEE0093DFF6 /* Products */,
				EBFD5CC744337EFFD7CD2D94 /* Pods */,
				210DCC3AACFA459FDBC34262 /* Frameworks */,
			);
			sourceTree = "<group>";
		};
		CBD6CE5529A79DEE0093DFF6 /* Products */ = {
			isa = PBXGroup;
			children = (
				CBD6CE5429A79DEE0093DFF6 /* ClassicalConditioning.app */,
			);
			name = Products;
			sourceTree = "<group>";
		};
		CBD6CE5629A79DEE0093DFF6 /* ClassicalConditioning */ = {
			isa = PBXGroup;
			children = (
				CB7BC8CC29C9E898006C57DD /* Info.plist */,
				CB7BC8C729C89233006C57DD /* ClassicalConditioning.entitlements */,
				CB85441C29AF948D00CB75F8 /* Models */,
				CB7165C129AE2FCB00D1A6DE /* Views */,
				CB7165C029AE2F9200D1A6DE /* Track */,
				CB7165BF29AE2F8900D1A6DE /* Voice */,
				CBD6CE5729A79DEE0093DFF6 /* ClassicalConditioningApp.swift */,
				CBD6CE5929A79DEE0093DFF6 /* ContentView.swift */,
				CBD6CE5B29A79DF00093DFF6 /* Assets.xcassets */,
				CBD6CE5D29A79DF00093DFF6 /* Preview Content */,
			);
			path = ClassicalConditioning;
			sourceTree = "<group>";
		};
		CBD6CE5D29A79DF00093DFF6 /* Preview Content */ = {
			isa = PBXGroup;
			children = (
				CBD6CE5E29A79DF00093DFF6 /* Preview Assets.xcassets */,
			);
			path = "Preview Content";
			sourceTree = "<group>";
		};
		CBF7011B29CCE25600827DFD /* MappingandLocation */ = {
			isa = PBXGroup;
			children = (
				CB7BC8C529C48B7F006C57DD /* ReadRoute.swift */,
				CBF7011829CC910F00827DFD /* MapTest.swift */,
			);
			path = MappingandLocation;
			sourceTree = "<group>";
		};
		EBFD5CC744337EFFD7CD2D94 /* Pods */ = {
			isa = PBXGroup;
			children = (
				E9B0AE2069ED77896E4C8D80 /* Pods-ClassicalConditioning.debug.xcconfig */,
				BA177245193472E4700B4633 /* Pods-ClassicalConditioning.release.xcconfig */,
			);
			path = Pods;
			sourceTree = "<group>";
		};
/* End PBXGroup section */

/* Begin PBXNativeTarget section */
		CBD6CE5329A79DEE0093DFF6 /* ClassicalConditioning */ = {
			isa = PBXNativeTarget;
			buildConfigurationList = CBD6CE6229A79DF00093DFF6 /* Build configuration list for PBXNativeTarget "ClassicalConditioning" */;
			buildPhases = (
				31C421D4684527DC6F786E81 /* [CP] Check Pods Manifest.lock */,
				CBD6CE5029A79DEE0093DFF6 /* Sources */,
				CBD6CE5129A79DEE0093DFF6 /* Frameworks */,
				CBD6CE5229A79DEE0093DFF6 /* Resources */,
				51618AD158BCEC3AA141600C /* [CP] Embed Pods Frameworks */,
			);
			buildRules = (
			);
			dependencies = (
			);
			name = ClassicalConditioning;
			productName = ClassicalConditioning;
			productReference = CBD6CE5429A79DEE0093DFF6 /* ClassicalConditioning.app */;
			productType = "com.apple.product-type.application";
		};
/* End PBXNativeTarget section */

/* Begin PBXProject section */
		CBD6CE4C29A79DEE0093DFF6 /* Project object */ = {
			isa = PBXProject;
			attributes = {
				BuildIndependentTargetsInParallel = 1;
				LastSwiftUpdateCheck = 1340;
				LastUpgradeCheck = 1340;
				TargetAttributes = {
					CBD6CE5329A79DEE0093DFF6 = {
						CreatedOnToolsVersion = 13.4.1;
					};
				};
			};
			buildConfigurationList = CBD6CE4F29A79DEE0093DFF6 /* Build configuration list for PBXProject "ClassicalConditioning" */;
			compatibilityVersion = "Xcode 13.0";
			developmentRegion = en;
			hasScannedForEncodings = 0;
			knownRegions = (
				en,
				Base,
			);
			mainGroup = CBD6CE4B29A79DEE0093DFF6;
			productRefGroup = CBD6CE5529A79DEE0093DFF6 /* Products */;
			projectDirPath = "";
			projectRoot = "";
			targets = (
				CBD6CE5329A79DEE0093DFF6 /* ClassicalConditioning */,
			);
		};
/* End PBXProject section */

/* Begin PBXResourcesBuildPhase section */
		CBD6CE5229A79DEE0093DFF6 /* Resources */ = {
			isa = PBXResourcesBuildPhase;
			buildActionMask = 2147483647;
			files = (
				4EE88F3329D1DD52006A412F /* m12.mp3 in Resources */,
				4EE88F2D29D1DD52006A412F /* m8.mp3 in Resources */,
				4EE88F2C29D1DD52006A412F /* m11.mp3 in Resources */,
				CB04428929D1E1BF00A250E3 /* m1.mp3 in Resources */,
				4EE88F3129D1DD52006A412F /* m7.mp3 in Resources */,
				CB04428C29D1E1BF00A250E3 /* m4.mp3 in Resources */,
				4EE88F3429D1DD52006A412F /* m13.mp3 in Resources */,
				4EE88F2F29D1DD52006A412F /* m6.mp3 in Resources */,
				CB04428829D1E1BF00A250E3 /* m5.mp3 in Resources */,
				CBD6CE5F29A79DF00093DFF6 /* Preview Assets.xcassets in Resources */,
				CB04428B29D1E1BF00A250E3 /* m3.mp3 in Resources */,
				CB04428A29D1E1BF00A250E3 /* m2.mp3 in Resources */,
				165BC01A29B0FA300038AE7A /* gitignore in Resources */,
				4EE88F2E29D1DD52006A412F /* m16.mp3 in Resources */,
				4EE88F2A29D1DD52006A412F /* m14.mp3 in Resources */,
				4EE88F3029D1DD52006A412F /* m9.mp3 in Resources */,
				CBD6CE5C29A79DF00093DFF6 /* Assets.xcassets in Resources */,
				4EE88F0829B8DB85006A412F /* v1.mp3 in Resources */,
				4EE88F3229D1DD52006A412F /* m10.mp3 in Resources */,
				4EE88F2B29D1DD52006A412F /* m15.mp3 in Resources */,
			);
			runOnlyForDeploymentPostprocessing = 0;
		};
/* End PBXResourcesBuildPhase section */

/* Begin PBXShellScriptBuildPhase section */
		31C421D4684527DC6F786E81 /* [CP] Check Pods Manifest.lock */ = {
			isa = PBXShellScriptBuildPhase;
			buildActionMask = 2147483647;
			files = (
			);
			inputFileListPaths = (
			);
			inputPaths = (
				"${PODS_PODFILE_DIR_PATH}/Podfile.lock",
				"${PODS_ROOT}/Manifest.lock",
			);
			name = "[CP] Check Pods Manifest.lock";
			outputFileListPaths = (
			);
			outputPaths = (
				"$(DERIVED_FILE_DIR)/Pods-ClassicalConditioning-checkManifestLockResult.txt",
			);
			runOnlyForDeploymentPostprocessing = 0;
			shellPath = /bin/sh;
			shellScript = "diff \"${PODS_PODFILE_DIR_PATH}/Podfile.lock\" \"${PODS_ROOT}/Manifest.lock\" > /dev/null\nif [ $? != 0 ] ; then\n    # print error to STDERR\n    echo \"error: The sandbox is not in sync with the Podfile.lock. Run 'pod install' or update your CocoaPods installation.\" >&2\n    exit 1\nfi\n# This output is used by Xcode 'outputs' to avoid re-running this script phase.\necho \"SUCCESS\" > \"${SCRIPT_OUTPUT_FILE_0}\"\n";
			showEnvVarsInLog = 0;
		};
		51618AD158BCEC3AA141600C /* [CP] Embed Pods Frameworks */ = {
			isa = PBXShellScriptBuildPhase;
			buildActionMask = 2147483647;
			files = (
			);
			inputFileListPaths = (
				"${PODS_ROOT}/Target Support Files/Pods-ClassicalConditioning/Pods-ClassicalConditioning-frameworks-${CONFIGURATION}-input-files.xcfilelist",
			);
			name = "[CP] Embed Pods Frameworks";
			outputFileListPaths = (
				"${PODS_ROOT}/Target Support Files/Pods-ClassicalConditioning/Pods-ClassicalConditioning-frameworks-${CONFIGURATION}-output-files.xcfilelist",
			);
			runOnlyForDeploymentPostprocessing = 0;
			shellPath = /bin/sh;
			shellScript = "\"${PODS_ROOT}/Target Support Files/Pods-ClassicalConditioning/Pods-ClassicalConditioning-frameworks.sh\"\n";
			showEnvVarsInLog = 0;
		};
/* End PBXShellScriptBuildPhase section */

/* Begin PBXSourcesBuildPhase section */
		CBD6CE5029A79DEE0093DFF6 /* Sources */ = {
			isa = PBXSourcesBuildPhase;
			buildActionMask = 2147483647;
			files = (
				CB85442029AF96DA00CB75F8 /* Faces.swift in Sources */,
				CB7165C529AE361600D1A6DE /* Tracker.swift in Sources */,
				1675236529AF8D510052D404 /* TestTrackerView.swift in Sources */,
				CBD6CE5A29A79DEE0093DFF6 /* ContentView.swift in Sources */,
				CB7165C329AE2FEA00D1A6DE /* TrackView.swift in Sources */,
				CB85442629B0F96600CB75F8 /* HomeView.swift in Sources */,
				CB85442429B0F2A300CB75F8 /* InformationView.swift in Sources */,
				CB85441E29AF949D00CB75F8 /* Constants.swift in Sources */,
				CB70F13D29C0A7E200EE7034 /* LocationRequestView.swift in Sources */,
				1692CB5529C88AC40005CC8F /* TestRunDisplay.swift in Sources */,
				CB7165C729AE362F00D1A6DE /* VoiceSynth.swift in Sources */,
				CB7BC8C629C48B7F006C57DD /* ReadRoute.swift in Sources */,
				CB85442229B0F28500CB75F8 /* MapView.swift in Sources */,
				CBD6CE5829A79DEE0093DFF6 /* ClassicalConditioningApp.swift in Sources */,
				CB3C195429B8E17E002185AE /* LocationManager.swift in Sources */,
				CBF7011929CC910F00827DFD /* MapTest.swift in Sources */,
				1692CB5329C48EB80005CC8F /* TrackerManager.swift in Sources */,
			);
			runOnlyForDeploymentPostprocessing = 0;
		};
/* End PBXSourcesBuildPhase section */

/* Begin XCBuildConfiguration section */
		CBD6CE6029A79DF00093DFF6 /* Debug */ = {
			isa = XCBuildConfiguration;
			buildSettings = {
				ALWAYS_SEARCH_USER_PATHS = NO;
				CLANG_ANALYZER_NONNULL = YES;
				CLANG_ANALYZER_NUMBER_OBJECT_CONVERSION = YES_AGGRESSIVE;
				CLANG_CXX_LANGUAGE_STANDARD = "gnu++17";
				CLANG_ENABLE_MODULES = YES;
				CLANG_ENABLE_OBJC_ARC = YES;
				CLANG_ENABLE_OBJC_WEAK = YES;
				CLANG_WARN_BLOCK_CAPTURE_AUTORELEASING = YES;
				CLANG_WARN_BOOL_CONVERSION = YES;
				CLANG_WARN_COMMA = YES;
				CLANG_WARN_CONSTANT_CONVERSION = YES;
				CLANG_WARN_DEPRECATED_OBJC_IMPLEMENTATIONS = YES;
				CLANG_WARN_DIRECT_OBJC_ISA_USAGE = YES_ERROR;
				CLANG_WARN_DOCUMENTATION_COMMENTS = YES;
				CLANG_WARN_EMPTY_BODY = YES;
				CLANG_WARN_ENUM_CONVERSION = YES;
				CLANG_WARN_INFINITE_RECURSION = YES;
				CLANG_WARN_INT_CONVERSION = YES;
				CLANG_WARN_NON_LITERAL_NULL_CONVERSION = YES;
				CLANG_WARN_OBJC_IMPLICIT_RETAIN_SELF = YES;
				CLANG_WARN_OBJC_LITERAL_CONVERSION = YES;
				CLANG_WARN_OBJC_ROOT_CLASS = YES_ERROR;
				CLANG_WARN_QUOTED_INCLUDE_IN_FRAMEWORK_HEADER = YES;
				CLANG_WARN_RANGE_LOOP_ANALYSIS = YES;
				CLANG_WARN_STRICT_PROTOTYPES = YES;
				CLANG_WARN_SUSPICIOUS_MOVE = YES;
				CLANG_WARN_UNGUARDED_AVAILABILITY = YES_AGGRESSIVE;
				CLANG_WARN_UNREACHABLE_CODE = YES;
				CLANG_WARN__DUPLICATE_METHOD_MATCH = YES;
				COPY_PHASE_STRIP = NO;
				DEBUG_INFORMATION_FORMAT = dwarf;
				ENABLE_STRICT_OBJC_MSGSEND = YES;
				ENABLE_TESTABILITY = YES;
				GCC_C_LANGUAGE_STANDARD = gnu11;
				GCC_DYNAMIC_NO_PIC = NO;
				GCC_NO_COMMON_BLOCKS = YES;
				GCC_OPTIMIZATION_LEVEL = 0;
				GCC_PREPROCESSOR_DEFINITIONS = (
					"DEBUG=1",
					"$(inherited)",
				);
				GCC_WARN_64_TO_32_BIT_CONVERSION = YES;
				GCC_WARN_ABOUT_RETURN_TYPE = YES_ERROR;
				GCC_WARN_UNDECLARED_SELECTOR = YES;
				GCC_WARN_UNINITIALIZED_AUTOS = YES_AGGRESSIVE;
				GCC_WARN_UNUSED_FUNCTION = YES;
				GCC_WARN_UNUSED_VARIABLE = YES;
				IPHONEOS_DEPLOYMENT_TARGET = 15.5;
				MTL_ENABLE_DEBUG_INFO = INCLUDE_SOURCE;
				MTL_FAST_MATH = YES;
				ONLY_ACTIVE_ARCH = YES;
				SDKROOT = iphoneos;
				SWIFT_ACTIVE_COMPILATION_CONDITIONS = DEBUG;
				SWIFT_OPTIMIZATION_LEVEL = "-Onone";
			};
			name = Debug;
		};
		CBD6CE6129A79DF00093DFF6 /* Release */ = {
			isa = XCBuildConfiguration;
			buildSettings = {
				ALWAYS_SEARCH_USER_PATHS = NO;
				CLANG_ANALYZER_NONNULL = YES;
				CLANG_ANALYZER_NUMBER_OBJECT_CONVERSION = YES_AGGRESSIVE;
				CLANG_CXX_LANGUAGE_STANDARD = "gnu++17";
				CLANG_ENABLE_MODULES = YES;
				CLANG_ENABLE_OBJC_ARC = YES;
				CLANG_ENABLE_OBJC_WEAK = YES;
				CLANG_WARN_BLOCK_CAPTURE_AUTORELEASING = YES;
				CLANG_WARN_BOOL_CONVERSION = YES;
				CLANG_WARN_COMMA = YES;
				CLANG_WARN_CONSTANT_CONVERSION = YES;
				CLANG_WARN_DEPRECATED_OBJC_IMPLEMENTATIONS = YES;
				CLANG_WARN_DIRECT_OBJC_ISA_USAGE = YES_ERROR;
				CLANG_WARN_DOCUMENTATION_COMMENTS = YES;
				CLANG_WARN_EMPTY_BODY = YES;
				CLANG_WARN_ENUM_CONVERSION = YES;
				CLANG_WARN_INFINITE_RECURSION = YES;
				CLANG_WARN_INT_CONVERSION = YES;
				CLANG_WARN_NON_LITERAL_NULL_CONVERSION = YES;
				CLANG_WARN_OBJC_IMPLICIT_RETAIN_SELF = YES;
				CLANG_WARN_OBJC_LITERAL_CONVERSION = YES;
				CLANG_WARN_OBJC_ROOT_CLASS = YES_ERROR;
				CLANG_WARN_QUOTED_INCLUDE_IN_FRAMEWORK_HEADER = YES;
				CLANG_WARN_RANGE_LOOP_ANALYSIS = YES;
				CLANG_WARN_STRICT_PROTOTYPES = YES;
				CLANG_WARN_SUSPICIOUS_MOVE = YES;
				CLANG_WARN_UNGUARDED_AVAILABILITY = YES_AGGRESSIVE;
				CLANG_WARN_UNREACHABLE_CODE = YES;
				CLANG_WARN__DUPLICATE_METHOD_MATCH = YES;
				COPY_PHASE_STRIP = NO;
				DEBUG_INFORMATION_FORMAT = "dwarf-with-dsym";
				ENABLE_NS_ASSERTIONS = NO;
				ENABLE_STRICT_OBJC_MSGSEND = YES;
				GCC_C_LANGUAGE_STANDARD = gnu11;
				GCC_NO_COMMON_BLOCKS = YES;
				GCC_WARN_64_TO_32_BIT_CONVERSION = YES;
				GCC_WARN_ABOUT_RETURN_TYPE = YES_ERROR;
				GCC_WARN_UNDECLARED_SELECTOR = YES;
				GCC_WARN_UNINITIALIZED_AUTOS = YES_AGGRESSIVE;
				GCC_WARN_UNUSED_FUNCTION = YES;
				GCC_WARN_UNUSED_VARIABLE = YES;
				IPHONEOS_DEPLOYMENT_TARGET = 15.5;
				MTL_ENABLE_DEBUG_INFO = NO;
				MTL_FAST_MATH = YES;
				SDKROOT = iphoneos;
				SWIFT_COMPILATION_MODE = wholemodule;
				SWIFT_OPTIMIZATION_LEVEL = "-O";
				VALIDATE_PRODUCT = YES;
			};
			name = Release;
		};
		CBD6CE6329A79DF00093DFF6 /* Debug */ = {
			isa = XCBuildConfiguration;
			baseConfigurationReference = E9B0AE2069ED77896E4C8D80 /* Pods-ClassicalConditioning.debug.xcconfig */;
			buildSettings = {
				ASSETCATALOG_COMPILER_APPICON_NAME = AppIcon;
				ASSETCATALOG_COMPILER_GLOBAL_ACCENT_COLOR_NAME = AccentColor;
				CODE_SIGN_ENTITLEMENTS = ClassicalConditioning/ClassicalConditioning.entitlements;
				CODE_SIGN_STYLE = Automatic;
				CURRENT_PROJECT_VERSION = 1;
				DEVELOPMENT_ASSET_PATHS = "\"ClassicalConditioning/Preview Content\"";
				DEVELOPMENT_TEAM = 2L7WB896ZB;
				ENABLE_PREVIEWS = YES;
				GENERATE_INFOPLIST_FILE = YES;
				INFOPLIST_FILE = ClassicalConditioning/Info.plist;
				INFOPLIST_KEY_CFBundleDisplayName = "";
				INFOPLIST_KEY_LSApplicationCategoryType = "";
				INFOPLIST_KEY_NSHealthShareUsageDescription = "Please let us share your health data";
				INFOPLIST_KEY_NSHealthUpdateUsageDescription = "Please let us update your health data";
				INFOPLIST_KEY_NSLocationWhenInUseUsageDescription = "";
				INFOPLIST_KEY_NSMotionUsageDescription = "You're movement is used to track your steps and pacing";
				INFOPLIST_KEY_UIApplicationSceneManifest_Generation = YES;
				INFOPLIST_KEY_UIApplicationSupportsIndirectInputEvents = YES;
				INFOPLIST_KEY_UILaunchScreen_Generation = YES;
				INFOPLIST_KEY_UISupportedInterfaceOrientations_iPad = "UIInterfaceOrientationPortrait UIInterfaceOrientationPortraitUpsideDown UIInterfaceOrientationLandscapeLeft UIInterfaceOrientationLandscapeRight";
				INFOPLIST_KEY_UISupportedInterfaceOrientations_iPhone = "UIInterfaceOrientationPortrait UIInterfaceOrientationLandscapeLeft UIInterfaceOrientationLandscapeRight";
				LD_RUNPATH_SEARCH_PATHS = (
					"$(inherited)",
					"@executable_path/Frameworks",
				);
				MARKETING_VERSION = 1.0;
				PRODUCT_BUNDLE_IDENTIFIER = "Morelli-Enterprises.ClassicalConditioning";
				PRODUCT_NAME = "$(TARGET_NAME)";
				SWIFT_EMIT_LOC_STRINGS = YES;
				SWIFT_VERSION = 5.0;
				TARGETED_DEVICE_FAMILY = "1,2";
			};
			name = Debug;
		};
		CBD6CE6429A79DF00093DFF6 /* Release */ = {
			isa = XCBuildConfiguration;
			baseConfigurationReference = BA177245193472E4700B4633 /* Pods-ClassicalConditioning.release.xcconfig */;
			buildSettings = {
				ASSETCATALOG_COMPILER_APPICON_NAME = AppIcon;
				ASSETCATALOG_COMPILER_GLOBAL_ACCENT_COLOR_NAME = AccentColor;
				CODE_SIGN_ENTITLEMENTS = ClassicalConditioning/ClassicalConditioning.entitlements;
				CODE_SIGN_STYLE = Automatic;
				CURRENT_PROJECT_VERSION = 1;
				DEVELOPMENT_ASSET_PATHS = "\"ClassicalConditioning/Preview Content\"";
				DEVELOPMENT_TEAM = 2L7WB896ZB;
				ENABLE_PREVIEWS = YES;
				GENERATE_INFOPLIST_FILE = YES;
				INFOPLIST_FILE = ClassicalConditioning/Info.plist;
				INFOPLIST_KEY_CFBundleDisplayName = "";
				INFOPLIST_KEY_LSApplicationCategoryType = "";
				INFOPLIST_KEY_NSHealthShareUsageDescription = "Please let us share your health data";
				INFOPLIST_KEY_NSHealthUpdateUsageDescription = "Please let us update your health data";
				INFOPLIST_KEY_NSLocationWhenInUseUsageDescription = "";
				INFOPLIST_KEY_NSMotionUsageDescription = "You're movement is used to track your steps and pacing";
				INFOPLIST_KEY_UIApplicationSceneManifest_Generation = YES;
				INFOPLIST_KEY_UIApplicationSupportsIndirectInputEvents = YES;
				INFOPLIST_KEY_UILaunchScreen_Generation = YES;
				INFOPLIST_KEY_UISupportedInterfaceOrientations_iPad = "UIInterfaceOrientationPortrait UIInterfaceOrientationPortraitUpsideDown UIInterfaceOrientationLandscapeLeft UIInterfaceOrientationLandscapeRight";
				INFOPLIST_KEY_UISupportedInterfaceOrientations_iPhone = "UIInterfaceOrientationPortrait UIInterfaceOrientationLandscapeLeft UIInterfaceOrientationLandscapeRight";
				LD_RUNPATH_SEARCH_PATHS = (
					"$(inherited)",
					"@executable_path/Frameworks",
				);
				MARKETING_VERSION = 1.0;
				PRODUCT_BUNDLE_IDENTIFIER = "Morelli-Enterprises.ClassicalConditioning";
				PRODUCT_NAME = "$(TARGET_NAME)";
				SWIFT_EMIT_LOC_STRINGS = YES;
				SWIFT_VERSION = 5.0;
				TARGETED_DEVICE_FAMILY = "1,2";
			};
			name = Release;
		};
/* End XCBuildConfiguration section */

/* Begin XCConfigurationList section */
		CBD6CE4F29A79DEE0093DFF6 /* Build configuration list for PBXProject "ClassicalConditioning" */ = {
			isa = XCConfigurationList;
			buildConfigurations = (
				CBD6CE6029A79DF00093DFF6 /* Debug */,
				CBD6CE6129A79DF00093DFF6 /* Release */,
			);
			defaultConfigurationIsVisible = 0;
			defaultConfigurationName = Release;
		};
		CBD6CE6229A79DF00093DFF6 /* Build configuration list for PBXNativeTarget "ClassicalConditioning" */ = {
			isa = XCConfigurationList;
			buildConfigurations = (
				CBD6CE6329A79DF00093DFF6 /* Debug */,
				CBD6CE6429A79DF00093DFF6 /* Release */,
			);
			defaultConfigurationIsVisible = 0;
			defaultConfigurationName = Release;
		};
/* End XCConfigurationList section */
	};
	rootObject = CBD6CE4C29A79DEE0093DFF6 /* Project object */;
}
